// !$*UTF8*$!
{
	archiveVersion = 1;
	classes = {
	};
	objectVersion = 46;
	objects = {

/* Begin PBXBuildFile section */
		14611A5A1C9D9B93009586EC /* main.m in Sources */ = {isa = PBXBuildFile; fileRef = 14611A591C9D9B93009586EC /* main.m */; };
		14611A5D1C9D9B93009586EC /* AppDelegate.m in Sources */ = {isa = PBXBuildFile; fileRef = 14611A5C1C9D9B93009586EC /* AppDelegate.m */; };
		14611A631C9D9B93009586EC /* Main.storyboard in Resources */ = {isa = PBXBuildFile; fileRef = 14611A611C9D9B93009586EC /* Main.storyboard */; };
		14611A651C9D9B93009586EC /* Assets.xcassets in Resources */ = {isa = PBXBuildFile; fileRef = 14611A641C9D9B93009586EC /* Assets.xcassets */; };
		14611A681C9D9B93009586EC /* LaunchScreen.storyboard in Resources */ = {isa = PBXBuildFile; fileRef = 14611A661C9D9B93009586EC /* LaunchScreen.storyboard */; };
		14611A731C9D9B93009586EC /* InstClientTests.m in Sources */ = {isa = PBXBuildFile; fileRef = 14611A721C9D9B93009586EC /* InstClientTests.m */; };
		14611A7E1C9D9B93009586EC /* InstClientUITests.m in Sources */ = {isa = PBXBuildFile; fileRef = 14611A7D1C9D9B93009586EC /* InstClientUITests.m */; };
		14611A971C9DB379009586EC /* FreightSans.otf in Resources */ = {isa = PBXBuildFile; fileRef = 14611A961C9DB379009586EC /* FreightSans.otf */; };
		14611A9A1C9DB3FC009586EC /* MEStyle.m in Sources */ = {isa = PBXBuildFile; fileRef = 14611A991C9DB3FC009586EC /* MEStyle.m */; };
		14611A9E1C9DB571009586EC /* MEInstService.m in Sources */ = {isa = PBXBuildFile; fileRef = 14611A9D1C9DB571009586EC /* MEInstService.m */; };
		14611AA61C9DDDBE009586EC /* MEUser.m in Sources */ = {isa = PBXBuildFile; fileRef = 14611AA51C9DDDBE009586EC /* MEUser.m */; };
		14611AAB1C9DE775009586EC /* MEBaseTableViewCell.m in Sources */ = {isa = PBXBuildFile; fileRef = 14611AAA1C9DE775009586EC /* MEBaseTableViewCell.m */; };
		14611AB01C9DE7EC009586EC /* MEBaseView.m in Sources */ = {isa = PBXBuildFile; fileRef = 14611AAF1C9DE7EC009586EC /* MEBaseView.m */; };
		14611AB51C9DE848009586EC /* MEBaseVC.m in Sources */ = {isa = PBXBuildFile; fileRef = 14611AB41C9DE848009586EC /* MEBaseVC.m */; };
		14611ABD1C9DE90E009586EC /* MESearchUsersVC.m in Sources */ = {isa = PBXBuildFile; fileRef = 14611ABC1C9DE90E009586EC /* MESearchUsersVC.m */; };
		14611AC11C9DE93A009586EC /* MESearchUsersView.m in Sources */ = {isa = PBXBuildFile; fileRef = 14611AC01C9DE93A009586EC /* MESearchUsersView.m */; };
		14611AC51C9DE972009586EC /* MEUserCell.m in Sources */ = {isa = PBXBuildFile; fileRef = 14611AC41C9DE972009586EC /* MEUserCell.m */; };
		14611AC91C9DEA9D009586EC /* UIImageView+AsyncLoad.m in Sources */ = {isa = PBXBuildFile; fileRef = 14611AC81C9DEA9D009586EC /* UIImageView+AsyncLoad.m */; };
		14EAB0451C9F3EE2000779AF /* MEMedia.m in Sources */ = {isa = PBXBuildFile; fileRef = 14EAB0441C9F3EE2000779AF /* MEMedia.m */; };
		14EAB04B1C9F4C0C000779AF /* MEUserMediaVC.m in Sources */ = {isa = PBXBuildFile; fileRef = 14EAB04A1C9F4C0C000779AF /* MEUserMediaVC.m */; };
		14EAB04F1C9F4C3B000779AF /* MEUserMediaView.m in Sources */ = {isa = PBXBuildFile; fileRef = 14EAB04E1C9F4C3B000779AF /* MEUserMediaView.m */; };
		14EAB0541C9F4CDE000779AF /* MEBaseCollectionViewCell.m in Sources */ = {isa = PBXBuildFile; fileRef = 14EAB0531C9F4CDE000779AF /* MEBaseCollectionViewCell.m */; };
		14EAB0571C9F4D39000779AF /* MEUserMediaCell.m in Sources */ = {isa = PBXBuildFile; fileRef = 14EAB0561C9F4D39000779AF /* MEUserMediaCell.m */; };
		904665D2CC6B766DC8A8AEA1 /* libPods-InstClient.a in Frameworks */ = {isa = PBXBuildFile; fileRef = 5B4E45B17189E5759AED52DD /* libPods-InstClient.a */; };
/* End PBXBuildFile section */

/* Begin PBXContainerItemProxy section */
		14611A6F1C9D9B93009586EC /* PBXContainerItemProxy */ = {
			isa = PBXContainerItemProxy;
			containerPortal = 14611A4D1C9D9B93009586EC /* Project object */;
			proxyType = 1;
			remoteGlobalIDString = 14611A541C9D9B93009586EC;
			remoteInfo = InstClient;
		};
		14611A7A1C9D9B93009586EC /* PBXContainerItemProxy */ = {
			isa = PBXContainerItemProxy;
			containerPortal = 14611A4D1C9D9B93009586EC /* Project object */;
			proxyType = 1;
			remoteGlobalIDString = 14611A541C9D9B93009586EC;
			remoteInfo = InstClient;
		};
/* End PBXContainerItemProxy section */

/* Begin PBXFileReference section */
		08EE152E346E5BBBCA17BE77 /* Pods-InstClient.release.xcconfig */ = {isa = PBXFileReference; includeInIndex = 1; lastKnownFileType = text.xcconfig; name = "Pods-InstClient.release.xcconfig"; path = "Pods/Target Support Files/Pods-InstClient/Pods-InstClient.release.xcconfig"; sourceTree = "<group>"; };
		14611A551C9D9B93009586EC /* InstClient.app */ = {isa = PBXFileReference; explicitFileType = wrapper.application; includeInIndex = 0; path = InstClient.app; sourceTree = BUILT_PRODUCTS_DIR; };
		14611A591C9D9B93009586EC /* main.m */ = {isa = PBXFileReference; lastKnownFileType = sourcecode.c.objc; path = main.m; sourceTree = "<group>"; };
		14611A5B1C9D9B93009586EC /* AppDelegate.h */ = {isa = PBXFileReference; lastKnownFileType = sourcecode.c.h; path = AppDelegate.h; sourceTree = "<group>"; };
		14611A5C1C9D9B93009586EC /* AppDelegate.m */ = {isa = PBXFileReference; lastKnownFileType = sourcecode.c.objc; path = AppDelegate.m; sourceTree = "<group>"; };
		14611A621C9D9B93009586EC /* Base */ = {isa = PBXFileReference; lastKnownFileType = file.storyboard; name = Base; path = Base.lproj/Main.storyboard; sourceTree = "<group>"; };
		14611A641C9D9B93009586EC /* Assets.xcassets */ = {isa = PBXFileReference; lastKnownFileType = folder.assetcatalog; path = Assets.xcassets; sourceTree = "<group>"; };
		14611A671C9D9B93009586EC /* Base */ = {isa = PBXFileReference; lastKnownFileType = file.storyboard; name = Base; path = Base.lproj/LaunchScreen.storyboard; sourceTree = "<group>"; };
		14611A691C9D9B93009586EC /* Info.plist */ = {isa = PBXFileReference; lastKnownFileType = text.plist.xml; name = Info.plist; path = ../Info.plist; sourceTree = "<group>"; };
		14611A6E1C9D9B93009586EC /* InstClientTests.xctest */ = {isa = PBXFileReference; explicitFileType = wrapper.cfbundle; includeInIndex = 0; path = InstClientTests.xctest; sourceTree = BUILT_PRODUCTS_DIR; };
		14611A721C9D9B93009586EC /* InstClientTests.m */ = {isa = PBXFileReference; lastKnownFileType = sourcecode.c.objc; path = InstClientTests.m; sourceTree = "<group>"; };
		14611A741C9D9B93009586EC /* Info.plist */ = {isa = PBXFileReference; lastKnownFileType = text.plist.xml; path = Info.plist; sourceTree = "<group>"; };
		14611A791C9D9B93009586EC /* InstClientUITests.xctest */ = {isa = PBXFileReference; explicitFileType = wrapper.cfbundle; includeInIndex = 0; path = InstClientUITests.xctest; sourceTree = BUILT_PRODUCTS_DIR; };
		14611A7D1C9D9B93009586EC /* InstClientUITests.m */ = {isa = PBXFileReference; lastKnownFileType = sourcecode.c.objc; path = InstClientUITests.m; sourceTree = "<group>"; };
		14611A7F1C9D9B93009586EC /* Info.plist */ = {isa = PBXFileReference; lastKnownFileType = text.plist.xml; path = Info.plist; sourceTree = "<group>"; };
		14611A961C9DB379009586EC /* FreightSans.otf */ = {isa = PBXFileReference; lastKnownFileType = file; path = FreightSans.otf; sourceTree = "<group>"; };
		14611A981C9DB3FC009586EC /* MEStyle.h */ = {isa = PBXFileReference; fileEncoding = 4; lastKnownFileType = sourcecode.c.h; path = MEStyle.h; sourceTree = "<group>"; };
		14611A991C9DB3FC009586EC /* MEStyle.m */ = {isa = PBXFileReference; fileEncoding = 4; lastKnownFileType = sourcecode.c.objc; path = MEStyle.m; sourceTree = "<group>"; };
		14611A9C1C9DB571009586EC /* MEInstService.h */ = {isa = PBXFileReference; fileEncoding = 4; lastKnownFileType = sourcecode.c.h; path = MEInstService.h; sourceTree = "<group>"; };
		14611A9D1C9DB571009586EC /* MEInstService.m */ = {isa = PBXFileReference; fileEncoding = 4; lastKnownFileType = sourcecode.c.objc; path = MEInstService.m; sourceTree = "<group>"; };
		14611AA41C9DDDBE009586EC /* MEUser.h */ = {isa = PBXFileReference; fileEncoding = 4; lastKnownFileType = sourcecode.c.h; path = MEUser.h; sourceTree = "<group>"; };
		14611AA51C9DDDBE009586EC /* MEUser.m */ = {isa = PBXFileReference; fileEncoding = 4; lastKnownFileType = sourcecode.c.objc; path = MEUser.m; sourceTree = "<group>"; };
		14611AA91C9DE775009586EC /* MEBaseTableViewCell.h */ = {isa = PBXFileReference; fileEncoding = 4; lastKnownFileType = sourcecode.c.h; path = MEBaseTableViewCell.h; sourceTree = "<group>"; };
		14611AAA1C9DE775009586EC /* MEBaseTableViewCell.m */ = {isa = PBXFileReference; fileEncoding = 4; lastKnownFileType = sourcecode.c.objc; path = MEBaseTableViewCell.m; sourceTree = "<group>"; };
		14611AAE1C9DE7EC009586EC /* MEBaseView.h */ = {isa = PBXFileReference; fileEncoding = 4; lastKnownFileType = sourcecode.c.h; path = MEBaseView.h; sourceTree = "<group>"; };
		14611AAF1C9DE7EC009586EC /* MEBaseView.m */ = {isa = PBXFileReference; fileEncoding = 4; lastKnownFileType = sourcecode.c.objc; path = MEBaseView.m; sourceTree = "<group>"; };
		14611AB31C9DE848009586EC /* MEBaseVC.h */ = {isa = PBXFileReference; fileEncoding = 4; lastKnownFileType = sourcecode.c.h; path = MEBaseVC.h; sourceTree = "<group>"; };
		14611AB41C9DE848009586EC /* MEBaseVC.m */ = {isa = PBXFileReference; fileEncoding = 4; lastKnownFileType = sourcecode.c.objc; path = MEBaseVC.m; sourceTree = "<group>"; };
		14611ABB1C9DE90E009586EC /* MESearchUsersVC.h */ = {isa = PBXFileReference; fileEncoding = 4; lastKnownFileType = sourcecode.c.h; path = MESearchUsersVC.h; sourceTree = "<group>"; };
		14611ABC1C9DE90E009586EC /* MESearchUsersVC.m */ = {isa = PBXFileReference; fileEncoding = 4; lastKnownFileType = sourcecode.c.objc; path = MESearchUsersVC.m; sourceTree = "<group>"; };
		14611ABF1C9DE93A009586EC /* MESearchUsersView.h */ = {isa = PBXFileReference; fileEncoding = 4; lastKnownFileType = sourcecode.c.h; path = MESearchUsersView.h; sourceTree = "<group>"; };
		14611AC01C9DE93A009586EC /* MESearchUsersView.m */ = {isa = PBXFileReference; fileEncoding = 4; lastKnownFileType = sourcecode.c.objc; path = MESearchUsersView.m; sourceTree = "<group>"; };
		14611AC31C9DE972009586EC /* MEUserCell.h */ = {isa = PBXFileReference; fileEncoding = 4; lastKnownFileType = sourcecode.c.h; path = MEUserCell.h; sourceTree = "<group>"; };
		14611AC41C9DE972009586EC /* MEUserCell.m */ = {isa = PBXFileReference; fileEncoding = 4; lastKnownFileType = sourcecode.c.objc; path = MEUserCell.m; sourceTree = "<group>"; };
		14611AC71C9DEA9D009586EC /* UIImageView+AsyncLoad.h */ = {isa = PBXFileReference; fileEncoding = 4; lastKnownFileType = sourcecode.c.h; path = "UIImageView+AsyncLoad.h"; sourceTree = "<group>"; };
		14611AC81C9DEA9D009586EC /* UIImageView+AsyncLoad.m */ = {isa = PBXFileReference; fileEncoding = 4; lastKnownFileType = sourcecode.c.objc; path = "UIImageView+AsyncLoad.m"; sourceTree = "<group>"; };
		14EAB0431C9F3EE2000779AF /* MEMedia.h */ = {isa = PBXFileReference; fileEncoding = 4; lastKnownFileType = sourcecode.c.h; path = MEMedia.h; sourceTree = "<group>"; };
		14EAB0441C9F3EE2000779AF /* MEMedia.m */ = {isa = PBXFileReference; fileEncoding = 4; lastKnownFileType = sourcecode.c.objc; path = MEMedia.m; sourceTree = "<group>"; };
		14EAB0491C9F4C0C000779AF /* MEUserMediaVC.h */ = {isa = PBXFileReference; fileEncoding = 4; lastKnownFileType = sourcecode.c.h; path = MEUserMediaVC.h; sourceTree = "<group>"; };
		14EAB04A1C9F4C0C000779AF /* MEUserMediaVC.m */ = {isa = PBXFileReference; fileEncoding = 4; lastKnownFileType = sourcecode.c.objc; path = MEUserMediaVC.m; sourceTree = "<group>"; };
		14EAB04D1C9F4C3B000779AF /* MEUserMediaView.h */ = {isa = PBXFileReference; fileEncoding = 4; lastKnownFileType = sourcecode.c.h; path = MEUserMediaView.h; sourceTree = "<group>"; };
		14EAB04E1C9F4C3B000779AF /* MEUserMediaView.m */ = {isa = PBXFileReference; fileEncoding = 4; lastKnownFileType = sourcecode.c.objc; path = MEUserMediaView.m; sourceTree = "<group>"; };
		14EAB0521C9F4CDE000779AF /* MEBaseCollectionViewCell.h */ = {isa = PBXFileReference; fileEncoding = 4; lastKnownFileType = sourcecode.c.h; path = MEBaseCollectionViewCell.h; sourceTree = "<group>"; };
		14EAB0531C9F4CDE000779AF /* MEBaseCollectionViewCell.m */ = {isa = PBXFileReference; fileEncoding = 4; lastKnownFileType = sourcecode.c.objc; path = MEBaseCollectionViewCell.m; sourceTree = "<group>"; };
		14EAB0551C9F4D39000779AF /* MEUserMediaCell.h */ = {isa = PBXFileReference; fileEncoding = 4; lastKnownFileType = sourcecode.c.h; path = MEUserMediaCell.h; sourceTree = "<group>"; };
		14EAB0561C9F4D39000779AF /* MEUserMediaCell.m */ = {isa = PBXFileReference; fileEncoding = 4; lastKnownFileType = sourcecode.c.objc; path = MEUserMediaCell.m; sourceTree = "<group>"; };
		5B4E45B17189E5759AED52DD /* libPods-InstClient.a */ = {isa = PBXFileReference; explicitFileType = archive.ar; includeInIndex = 0; path = "libPods-InstClient.a"; sourceTree = BUILT_PRODUCTS_DIR; };
		89BB178572176C24F2DCFE97 /* Pods-InstClient.debug.xcconfig */ = {isa = PBXFileReference; includeInIndex = 1; lastKnownFileType = text.xcconfig; name = "Pods-InstClient.debug.xcconfig"; path = "Pods/Target Support Files/Pods-InstClient/Pods-InstClient.debug.xcconfig"; sourceTree = "<group>"; };
/* End PBXFileReference section */

/* Begin PBXFrameworksBuildPhase section */
		14611A521C9D9B93009586EC /* Frameworks */ = {
			isa = PBXFrameworksBuildPhase;
			buildActionMask = 2147483647;
			files = (
				904665D2CC6B766DC8A8AEA1 /* libPods-InstClient.a in Frameworks */,
			);
			runOnlyForDeploymentPostprocessing = 0;
		};
		14611A6B1C9D9B93009586EC /* Frameworks */ = {
			isa = PBXFrameworksBuildPhase;
			buildActionMask = 2147483647;
			files = (
			);
			runOnlyForDeploymentPostprocessing = 0;
		};
		14611A761C9D9B93009586EC /* Frameworks */ = {
			isa = PBXFrameworksBuildPhase;
			buildActionMask = 2147483647;
			files = (
			);
			runOnlyForDeploymentPostprocessing = 0;
		};
/* End PBXFrameworksBuildPhase section */

/* Begin PBXGroup section */
		14611A4C1C9D9B93009586EC = {
			isa = PBXGroup;
			children = (
				14611A571C9D9B93009586EC /* InstClient */,
				14611A711C9D9B93009586EC /* InstClientTests */,
				14611A7C1C9D9B93009586EC /* InstClientUITests */,
				14611A561C9D9B93009586EC /* Products */,
				FD8BD1534A82A17C5C539512 /* Pods */,
				74626DD3CA836A5637A4CA31 /* Frameworks */,
			);
			sourceTree = "<group>";
		};
		14611A561C9D9B93009586EC /* Products */ = {
			isa = PBXGroup;
			children = (
				14611A551C9D9B93009586EC /* InstClient.app */,
				14611A6E1C9D9B93009586EC /* InstClientTests.xctest */,
				14611A791C9D9B93009586EC /* InstClientUITests.xctest */,
			);
			name = Products;
			sourceTree = "<group>";
		};
		14611A571C9D9B93009586EC /* InstClient */ = {
			isa = PBXGroup;
			children = (
				14611AC61C9DEA6B009586EC /* Categories */,
				14611A8B1C9D9C31009586EC /* Common */,
				14611A8C1C9D9C45009586EC /* CommonUi */,
				14611AB61C9DE883009586EC /* Modules */,
				14611A8D1C9D9C5A009586EC /* Resources */,
				14611A911C9DAEE6009586EC /* ServiceLayer */,
			);
			path = InstClient;
			sourceTree = "<group>";
		};
		14611A711C9D9B93009586EC /* InstClientTests */ = {
			isa = PBXGroup;
			children = (
				14611A721C9D9B93009586EC /* InstClientTests.m */,
				14611A741C9D9B93009586EC /* Info.plist */,
			);
			path = InstClientTests;
			sourceTree = "<group>";
		};
		14611A7C1C9D9B93009586EC /* InstClientUITests */ = {
			isa = PBXGroup;
			children = (
				14611A7D1C9D9B93009586EC /* InstClientUITests.m */,
				14611A7F1C9D9B93009586EC /* Info.plist */,
			);
			path = InstClientUITests;
			sourceTree = "<group>";
		};
		14611A8B1C9D9C31009586EC /* Common */ = {
			isa = PBXGroup;
			children = (
				14611A5B1C9D9B93009586EC /* AppDelegate.h */,
				14611A5C1C9D9B93009586EC /* AppDelegate.m */,
				14611A691C9D9B93009586EC /* Info.plist */,
				14611A661C9D9B93009586EC /* LaunchScreen.storyboard */,
				14611A591C9D9B93009586EC /* main.m */,
			);
			path = Common;
			sourceTree = "<group>";
		};
		14611A8C1C9D9C45009586EC /* CommonUi */ = {
			isa = PBXGroup;
			children = (
				14611AA71C9DE746009586EC /* Cells */,
				14611AB11C9DE822009586EC /* Controllers */,
				14611AAC1C9DE7C7009586EC /* Views */,
			);
			path = CommonUi;
			sourceTree = "<group>";
		};
		14611A8D1C9D9C5A009586EC /* Resources */ = {
			isa = PBXGroup;
			children = (
				14611A641C9D9B93009586EC /* Assets.xcassets */,
				14611A961C9DB379009586EC /* FreightSans.otf */,
				14611A981C9DB3FC009586EC /* MEStyle.h */,
				14611A991C9DB3FC009586EC /* MEStyle.m */,
			);
			path = Resources;
			sourceTree = "<group>";
		};
		14611A911C9DAEE6009586EC /* ServiceLayer */ = {
			isa = PBXGroup;
			children = (
				14611A921C9DAF05009586EC /* Models */,
				14611A931C9DAF13009586EC /* Services */,
			);
			path = ServiceLayer;
			sourceTree = "<group>";
		};
		14611A921C9DAF05009586EC /* Models */ = {
			isa = PBXGroup;
			children = (
				14EAB0421C9F3EB7000779AF /* Media */,
				14611AA31C9DDDAA009586EC /* User */,
			);
			path = Models;
			sourceTree = "<group>";
		};
		14611A931C9DAF13009586EC /* Services */ = {
			isa = PBXGroup;
			children = (
				14611A9B1C9DB55D009586EC /* InstService */,
			);
			path = Services;
			sourceTree = "<group>";
		};
		14611A9B1C9DB55D009586EC /* InstService */ = {
			isa = PBXGroup;
			children = (
				14611A9C1C9DB571009586EC /* MEInstService.h */,
				14611A9D1C9DB571009586EC /* MEInstService.m */,
			);
			path = InstService;
			sourceTree = "<group>";
		};
		14611AA31C9DDDAA009586EC /* User */ = {
			isa = PBXGroup;
			children = (
				14611AA41C9DDDBE009586EC /* MEUser.h */,
				14611AA51C9DDDBE009586EC /* MEUser.m */,
			);
			path = User;
			sourceTree = "<group>";
		};
		14611AA71C9DE746009586EC /* Cells */ = {
			isa = PBXGroup;
			children = (
				14EAB0511C9F4CB5000779AF /* BaseCollectionViewCell */,
				14611AA81C9DE755009586EC /* BaseTableViewCell */,
			);
			path = Cells;
			sourceTree = "<group>";
		};
		14611AA81C9DE755009586EC /* BaseTableViewCell */ = {
			isa = PBXGroup;
			children = (
				14611AA91C9DE775009586EC /* MEBaseTableViewCell.h */,
				14611AAA1C9DE775009586EC /* MEBaseTableViewCell.m */,
			);
			path = BaseTableViewCell;
			sourceTree = "<group>";
		};
		14611AAC1C9DE7C7009586EC /* Views */ = {
			isa = PBXGroup;
			children = (
				14611AAD1C9DE7D7009586EC /* BaseView */,
			);
			path = Views;
			sourceTree = "<group>";
		};
		14611AAD1C9DE7D7009586EC /* BaseView */ = {
			isa = PBXGroup;
			children = (
				14611AAE1C9DE7EC009586EC /* MEBaseView.h */,
				14611AAF1C9DE7EC009586EC /* MEBaseView.m */,
			);
			path = BaseView;
			sourceTree = "<group>";
		};
		14611AB11C9DE822009586EC /* Controllers */ = {
			isa = PBXGroup;
			children = (
				14611AB21C9DE835009586EC /* BaseVC */,
			);
			path = Controllers;
			sourceTree = "<group>";
		};
		14611AB21C9DE835009586EC /* BaseVC */ = {
			isa = PBXGroup;
			children = (
				14611AB31C9DE848009586EC /* MEBaseVC.h */,
				14611AB41C9DE848009586EC /* MEBaseVC.m */,
			);
			path = BaseVC;
			sourceTree = "<group>";
		};
		14611AB61C9DE883009586EC /* Modules */ = {
			isa = PBXGroup;
			children = (
				14611A611C9D9B93009586EC /* Main.storyboard */,
				14611AB71C9DE89A009586EC /* Users */,
			);
			path = Modules;
			sourceTree = "<group>";
		};
		14611AB71C9DE89A009586EC /* Users */ = {
			isa = PBXGroup;
			children = (
				14611AB81C9DE8B5009586EC /* SearchUsersScreen */,
				14EAB0461C9F4B59000779AF /* UserMediaScreen */,
			);
			path = Users;
			sourceTree = "<group>";
		};
		14611AB81C9DE8B5009586EC /* SearchUsersScreen */ = {
			isa = PBXGroup;
			children = (
				14611ABA1C9DE8DC009586EC /* Controller */,
				14611AB91C9DE8CD009586EC /* View */,
			);
			path = SearchUsersScreen;
			sourceTree = "<group>";
		};
		14611AB91C9DE8CD009586EC /* View */ = {
			isa = PBXGroup;
			children = (
				14611AC21C9DE952009586EC /* UserCell */,
				14611ABE1C9DE921009586EC /* SearchUsersView */,
			);
			path = View;
			sourceTree = "<group>";
		};
		14611ABA1C9DE8DC009586EC /* Controller */ = {
			isa = PBXGroup;
			children = (
				14611ABB1C9DE90E009586EC /* MESearchUsersVC.h */,
				14611ABC1C9DE90E009586EC /* MESearchUsersVC.m */,
			);
			path = Controller;
			sourceTree = "<group>";
		};
		14611ABE1C9DE921009586EC /* SearchUsersView */ = {
			isa = PBXGroup;
			children = (
				14611ABF1C9DE93A009586EC /* MESearchUsersView.h */,
				14611AC01C9DE93A009586EC /* MESearchUsersView.m */,
			);
			path = SearchUsersView;
			sourceTree = "<group>";
		};
		14611AC21C9DE952009586EC /* UserCell */ = {
			isa = PBXGroup;
			children = (
				14611AC31C9DE972009586EC /* MEUserCell.h */,
				14611AC41C9DE972009586EC /* MEUserCell.m */,
			);
			path = UserCell;
			sourceTree = "<group>";
		};
		14611AC61C9DEA6B009586EC /* Categories */ = {
			isa = PBXGroup;
			children = (
				14611AC71C9DEA9D009586EC /* UIImageView+AsyncLoad.h */,
				14611AC81C9DEA9D009586EC /* UIImageView+AsyncLoad.m */,
			);
			path = Categories;
			sourceTree = "<group>";
		};
		14EAB0421C9F3EB7000779AF /* Media */ = {
			isa = PBXGroup;
			children = (
				14EAB0431C9F3EE2000779AF /* MEMedia.h */,
				14EAB0441C9F3EE2000779AF /* MEMedia.m */,
			);
			path = Media;
			sourceTree = "<group>";
		};
		14EAB0461C9F4B59000779AF /* UserMediaScreen */ = {
			isa = PBXGroup;
			children = (
				14EAB0481C9F4BC3000779AF /* Controller */,
				14EAB0471C9F4BB4000779AF /* View */,
			);
			path = UserMediaScreen;
			sourceTree = "<group>";
		};
		14EAB0471C9F4BB4000779AF /* View */ = {
			isa = PBXGroup;
			children = (
				14EAB0501C9F4C86000779AF /* UserMediaCell */,
				14EAB04C1C9F4C1A000779AF /* UserMediaView */,
			);
			path = View;
			sourceTree = "<group>";
		};
		14EAB0481C9F4BC3000779AF /* Controller */ = {
			isa = PBXGroup;
			children = (
				14EAB0491C9F4C0C000779AF /* MEUserMediaVC.h */,
				14EAB04A1C9F4C0C000779AF /* MEUserMediaVC.m */,
			);
			path = Controller;
			sourceTree = "<group>";
		};
		14EAB04C1C9F4C1A000779AF /* UserMediaView */ = {
			isa = PBXGroup;
			children = (
				14EAB04D1C9F4C3B000779AF /* MEUserMediaView.h */,
				14EAB04E1C9F4C3B000779AF /* MEUserMediaView.m */,
			);
			path = UserMediaView;
			sourceTree = "<group>";
		};
		14EAB0501C9F4C86000779AF /* UserMediaCell */ = {
			isa = PBXGroup;
			children = (
				14EAB0551C9F4D39000779AF /* MEUserMediaCell.h */,
				14EAB0561C9F4D39000779AF /* MEUserMediaCell.m */,
			);
			path = UserMediaCell;
			sourceTree = "<group>";
		};
		14EAB0511C9F4CB5000779AF /* BaseCollectionViewCell */ = {
			isa = PBXGroup;
			children = (
				14EAB0521C9F4CDE000779AF /* MEBaseCollectionViewCell.h */,
				14EAB0531C9F4CDE000779AF /* MEBaseCollectionViewCell.m */,
			);
			path = BaseCollectionViewCell;
			sourceTree = "<group>";
		};
		74626DD3CA836A5637A4CA31 /* Frameworks */ = {
			isa = PBXGroup;
			children = (
				5B4E45B17189E5759AED52DD /* libPods-InstClient.a */,
			);
			name = Frameworks;
			sourceTree = "<group>";
		};
		FD8BD1534A82A17C5C539512 /* Pods */ = {
			isa = PBXGroup;
			children = (
				89BB178572176C24F2DCFE97 /* Pods-InstClient.debug.xcconfig */,
				08EE152E346E5BBBCA17BE77 /* Pods-InstClient.release.xcconfig */,
			);
			name = Pods;
			sourceTree = "<group>";
		};
/* End PBXGroup section */

/* Begin PBXNativeTarget section */
		14611A541C9D9B93009586EC /* InstClient */ = {
			isa = PBXNativeTarget;
			buildConfigurationList = 14611A821C9D9B93009586EC /* Build configuration list for PBXNativeTarget "InstClient" */;
			buildPhases = (
				C80C4F2DF21DD2D5C7B5FD69 /* Check Pods Manifest.lock */,
				14611A511C9D9B93009586EC /* Sources */,
				14611A521C9D9B93009586EC /* Frameworks */,
				14611A531C9D9B93009586EC /* Resources */,
				4211A5A034C4C8E3E3E95FA9 /* Copy Pods Resources */,
			);
			buildRules = (
			);
			dependencies = (
			);
			name = InstClient;
			productName = InstClient;
			productReference = 14611A551C9D9B93009586EC /* InstClient.app */;
			productType = "com.apple.product-type.application";
		};
		14611A6D1C9D9B93009586EC /* InstClientTests */ = {
			isa = PBXNativeTarget;
			buildConfigurationList = 14611A851C9D9B93009586EC /* Build configuration list for PBXNativeTarget "InstClientTests" */;
			buildPhases = (
				14611A6A1C9D9B93009586EC /* Sources */,
				14611A6B1C9D9B93009586EC /* Frameworks */,
				14611A6C1C9D9B93009586EC /* Resources */,
			);
			buildRules = (
			);
			dependencies = (
				14611A701C9D9B93009586EC /* PBXTargetDependency */,
			);
			name = InstClientTests;
			productName = InstClientTests;
			productReference = 14611A6E1C9D9B93009586EC /* InstClientTests.xctest */;
			productType = "com.apple.product-type.bundle.unit-test";
		};
		14611A781C9D9B93009586EC /* InstClientUITests */ = {
			isa = PBXNativeTarget;
			buildConfigurationList = 14611A881C9D9B93009586EC /* Build configuration list for PBXNativeTarget "InstClientUITests" */;
			buildPhases = (
				14611A751C9D9B93009586EC /* Sources */,
				14611A761C9D9B93009586EC /* Frameworks */,
				14611A771C9D9B93009586EC /* Resources */,
			);
			buildRules = (
			);
			dependencies = (
				14611A7B1C9D9B93009586EC /* PBXTargetDependency */,
			);
			name = InstClientUITests;
			productName = InstClientUITests;
			productReference = 14611A791C9D9B93009586EC /* InstClientUITests.xctest */;
			productType = "com.apple.product-type.bundle.ui-testing";
		};
/* End PBXNativeTarget section */

/* Begin PBXProject section */
		14611A4D1C9D9B93009586EC /* Project object */ = {
			isa = PBXProject;
			attributes = {
				LastUpgradeCheck = 0720;
				ORGANIZATIONNAME = "Maximychev Evgeny";
				TargetAttributes = {
					14611A541C9D9B93009586EC = {
						CreatedOnToolsVersion = 7.2.1;
					};
					14611A6D1C9D9B93009586EC = {
						CreatedOnToolsVersion = 7.2.1;
						TestTargetID = 14611A541C9D9B93009586EC;
					};
					14611A781C9D9B93009586EC = {
						CreatedOnToolsVersion = 7.2.1;
						TestTargetID = 14611A541C9D9B93009586EC;
					};
				};
			};
			buildConfigurationList = 14611A501C9D9B93009586EC /* Build configuration list for PBXProject "InstClient" */;
			compatibilityVersion = "Xcode 3.2";
			developmentRegion = English;
			hasScannedForEncodings = 0;
			knownRegions = (
				en,
				Base,
			);
			mainGroup = 14611A4C1C9D9B93009586EC;
			productRefGroup = 14611A561C9D9B93009586EC /* Products */;
			projectDirPath = "";
			projectRoot = "";
			targets = (
				14611A541C9D9B93009586EC /* InstClient */,
				14611A6D1C9D9B93009586EC /* InstClientTests */,
				14611A781C9D9B93009586EC /* InstClientUITests */,
			);
		};
/* End PBXProject section */

/* Begin PBXResourcesBuildPhase section */
		14611A531C9D9B93009586EC /* Resources */ = {
			isa = PBXResourcesBuildPhase;
			buildActionMask = 2147483647;
			files = (
				14611A971C9DB379009586EC /* FreightSans.otf in Resources */,
				14611A681C9D9B93009586EC /* LaunchScreen.storyboard in Resources */,
				14611A651C9D9B93009586EC /* Assets.xcassets in Resources */,
				14611A631C9D9B93009586EC /* Main.storyboard in Resources */,
			);
			runOnlyForDeploymentPostprocessing = 0;
		};
		14611A6C1C9D9B93009586EC /* Resources */ = {
			isa = PBXResourcesBuildPhase;
			buildActionMask = 2147483647;
			files = (
			);
			runOnlyForDeploymentPostprocessing = 0;
		};
		14611A771C9D9B93009586EC /* Resources */ = {
			isa = PBXResourcesBuildPhase;
			buildActionMask = 2147483647;
			files = (
			);
			runOnlyForDeploymentPostprocessing = 0;
		};
/* End PBXResourcesBuildPhase section */

/* Begin PBXShellScriptBuildPhase section */
		4211A5A034C4C8E3E3E95FA9 /* Copy Pods Resources */ = {
			isa = PBXShellScriptBuildPhase;
			buildActionMask = 2147483647;
			files = (
			);
			inputPaths = (
			);
			name = "Copy Pods Resources";
			outputPaths = (
			);
			runOnlyForDeploymentPostprocessing = 0;
			shellPath = /bin/sh;
			shellScript = "\"${SRCROOT}/Pods/Target Support Files/Pods-InstClient/Pods-InstClient-resources.sh\"\n";
			showEnvVarsInLog = 0;
		};
		C80C4F2DF21DD2D5C7B5FD69 /* Check Pods Manifest.lock */ = {
			isa = PBXShellScriptBuildPhase;
			buildActionMask = 2147483647;
			files = (
			);
			inputPaths = (
			);
			name = "Check Pods Manifest.lock";
			outputPaths = (
			);
			runOnlyForDeploymentPostprocessing = 0;
			shellPath = /bin/sh;
			shellScript = "diff \"${PODS_ROOT}/../Podfile.lock\" \"${PODS_ROOT}/Manifest.lock\" > /dev/null\nif [[ $? != 0 ]] ; then\n    cat << EOM\nerror: The sandbox is not in sync with the Podfile.lock. Run 'pod install' or update your CocoaPods installation.\nEOM\n    exit 1\nfi\n";
			showEnvVarsInLog = 0;
		};
/* End PBXShellScriptBuildPhase section */

/* Begin PBXSourcesBuildPhase section */
		14611A511C9D9B93009586EC /* Sources */ = {
			isa = PBXSourcesBuildPhase;
			buildActionMask = 2147483647;
			files = (
				14611AC51C9DE972009586EC /* MEUserCell.m in Sources */,
				14611AC11C9DE93A009586EC /* MESearchUsersView.m in Sources */,
				14611A9E1C9DB571009586EC /* MEInstService.m in Sources */,
				14611AAB1C9DE775009586EC /* MEBaseTableViewCell.m in Sources */,
				14611A5D1C9D9B93009586EC /* AppDelegate.m in Sources */,
				14611AB51C9DE848009586EC /* MEBaseVC.m in Sources */,
				14EAB04F1C9F4C3B000779AF /* MEUserMediaView.m in Sources */,
				14611AC91C9DEA9D009586EC /* UIImageView+AsyncLoad.m in Sources */,
				14611A5A1C9D9B93009586EC /* main.m in Sources */,
				14EAB0541C9F4CDE000779AF /* MEBaseCollectionViewCell.m in Sources */,
				14611AA61C9DDDBE009586EC /* MEUser.m in Sources */,
				14EAB0571C9F4D39000779AF /* MEUserMediaCell.m in Sources */,
				14611ABD1C9DE90E009586EC /* MESearchUsersVC.m in Sources */,
				14EAB04B1C9F4C0C000779AF /* MEUserMediaVC.m in Sources */,
				14611A9A1C9DB3FC009586EC /* MEStyle.m in Sources */,
				14EAB0451C9F3EE2000779AF /* MEMedia.m in Sources */,
				14611AB01C9DE7EC009586EC /* MEBaseView.m in Sources */,
			);
			runOnlyForDeploymentPostprocessing = 0;
		};
		14611A6A1C9D9B93009586EC /* Sources */ = {
			isa = PBXSourcesBuildPhase;
			buildActionMask = 2147483647;
			files = (
				14611A731C9D9B93009586EC /* InstClientTests.m in Sources */,
			);
			runOnlyForDeploymentPostprocessing = 0;
		};
		14611A751C9D9B93009586EC /* Sources */ = {
			isa = PBXSourcesBuildPhase;
			buildActionMask = 2147483647;
			files = (
				14611A7E1C9D9B93009586EC /* InstClientUITests.m in Sources */,
			);
			runOnlyForDeploymentPostprocessing = 0;
		};
/* End PBXSourcesBuildPhase section */

/* Begin PBXTargetDependency section */
		14611A701C9D9B93009586EC /* PBXTargetDependency */ = {
			isa = PBXTargetDependency;
			target = 14611A541C9D9B93009586EC /* InstClient */;
			targetProxy = 14611A6F1C9D9B93009586EC /* PBXContainerItemProxy */;
		};
		14611A7B1C9D9B93009586EC /* PBXTargetDependency */ = {
			isa = PBXTargetDependency;
			target = 14611A541C9D9B93009586EC /* InstClient */;
			targetProxy = 14611A7A1C9D9B93009586EC /* PBXContainerItemProxy */;
		};
/* End PBXTargetDependency section */

/* Begin PBXVariantGroup section */
		14611A611C9D9B93009586EC /* Main.storyboard */ = {
			isa = PBXVariantGroup;
			children = (
				14611A621C9D9B93009586EC /* Base */,
			);
			name = Main.storyboard;
			path = ..;
			sourceTree = "<group>";
		};
		14611A661C9D9B93009586EC /* LaunchScreen.storyboard */ = {
			isa = PBXVariantGroup;
			children = (
				14611A671C9D9B93009586EC /* Base */,
			);
			name = LaunchScreen.storyboard;
			path = ..;
			sourceTree = "<group>";
		};
/* End PBXVariantGroup section */

/* Begin XCBuildConfiguration section */
		14611A801C9D9B93009586EC /* Debug */ = {
			isa = XCBuildConfiguration;
			buildSettings = {
				ALWAYS_SEARCH_USER_PATHS = NO;
				CLANG_CXX_LANGUAGE_STANDARD = "gnu++0x";
				CLANG_CXX_LIBRARY = "libc++";
				CLANG_ENABLE_MODULES = YES;
				CLANG_ENABLE_OBJC_ARC = YES;
				CLANG_WARN_BOOL_CONVERSION = YES;
				CLANG_WARN_CONSTANT_CONVERSION = YES;
				CLANG_WARN_DIRECT_OBJC_ISA_USAGE = YES_ERROR;
				CLANG_WARN_EMPTY_BODY = YES;
				CLANG_WARN_ENUM_CONVERSION = YES;
				CLANG_WARN_INT_CONVERSION = YES;
				CLANG_WARN_OBJC_ROOT_CLASS = YES_ERROR;
				CLANG_WARN_UNREACHABLE_CODE = YES;
				CLANG_WARN__DUPLICATE_METHOD_MATCH = YES;
				"CODE_SIGN_IDENTITY[sdk=iphoneos*]" = "iPhone Developer";
				COPY_PHASE_STRIP = NO;
				DEBUG_INFORMATION_FORMAT = dwarf;
				ENABLE_STRICT_OBJC_MSGSEND = YES;
				ENABLE_TESTABILITY = YES;
				GCC_C_LANGUAGE_STANDARD = gnu99;
				GCC_DYNAMIC_NO_PIC = NO;
				GCC_NO_COMMON_BLOCKS = YES;
				GCC_OPTIMIZATION_LEVEL = 0;
				GCC_PREPROCESSOR_DEFINITIONS = (
					"DEBUG=1",
					"$(inherited)",
				);
				GCC_WARN_64_TO_32_BIT_CONVERSION = YES;
				GCC_WARN_ABOUT_RETURN_TYPE = YES_ERROR;
				GCC_WARN_UNDECLARED_SELECTOR = YES;
				GCC_WARN_UNINITIALIZED_AUTOS = YES_AGGRESSIVE;
				GCC_WARN_UNUSED_FUNCTION = YES;
				GCC_WARN_UNUSED_VARIABLE = YES;
				IPHONEOS_DEPLOYMENT_TARGET = 9.2;
				MTL_ENABLE_DEBUG_INFO = YES;
				ONLY_ACTIVE_ARCH = YES;
				SDKROOT = iphoneos;
			};
			name = Debug;
		};
		14611A811C9D9B93009586EC /* Release */ = {
			isa = XCBuildConfiguration;
			buildSettings = {
				ALWAYS_SEARCH_USER_PATHS = NO;
				CLANG_CXX_LANGUAGE_STANDARD = "gnu++0x";
				CLANG_CXX_LIBRARY = "libc++";
				CLANG_ENABLE_MODULES = YES;
				CLANG_ENABLE_OBJC_ARC = YES;
				CLANG_WARN_BOOL_CONVERSION = YES;
				CLANG_WARN_CONSTANT_CONVERSION = YES;
				CLANG_WARN_DIRECT_OBJC_ISA_USAGE = YES_ERROR;
				CLANG_WARN_EMPTY_BODY = YES;
				CLANG_WARN_ENUM_CONVERSION = YES;
				CLANG_WARN_INT_CONVERSION = YES;
				CLANG_WARN_OBJC_ROOT_CLASS = YES_ERROR;
				CLANG_WARN_UNREACHABLE_CODE = YES;
				CLANG_WARN__DUPLICATE_METHOD_MATCH = YES;
				"CODE_SIGN_IDENTITY[sdk=iphoneos*]" = "iPhone Developer";
				COPY_PHASE_STRIP = NO;
				DEBUG_INFORMATION_FORMAT = "dwarf-with-dsym";
				ENABLE_NS_ASSERTIONS = NO;
				ENABLE_STRICT_OBJC_MSGSEND = YES;
				GCC_C_LANGUAGE_STANDARD = gnu99;
				GCC_NO_COMMON_BLOCKS = YES;
				GCC_WARN_64_TO_32_BIT_CONVERSION = YES;
				GCC_WARN_ABOUT_RETURN_TYPE = YES_ERROR;
				GCC_WARN_UNDECLARED_SELECTOR = YES;
				GCC_WARN_UNINITIALIZED_AUTOS = YES_AGGRESSIVE;
				GCC_WARN_UNUSED_FUNCTION = YES;
				GCC_WARN_UNUSED_VARIABLE = YES;
				IPHONEOS_DEPLOYMENT_TARGET = 9.2;
				MTL_ENABLE_DEBUG_INFO = NO;
				SDKROOT = iphoneos;
				VALIDATE_PRODUCT = YES;
			};
			name = Release;
		};
		14611A831C9D9B93009586EC /* Debug */ = {
			isa = XCBuildConfiguration;
			baseConfigurationReference = 89BB178572176C24F2DCFE97 /* Pods-InstClient.debug.xcconfig */;
			buildSettings = {
				ASSETCATALOG_COMPILER_APPICON_NAME = AppIcon;
				INFOPLIST_FILE = InstClient/Info.plist;
				IPHONEOS_DEPLOYMENT_TARGET = 8.0;
				LD_RUNPATH_SEARCH_PATHS = "$(inherited) @executable_path/Frameworks";
				PRODUCT_BUNDLE_IDENTIFIER = ru.maximychev.InstClient;
				PRODUCT_NAME = "$(TARGET_NAME)";
			};
			name = Debug;
		};
		14611A841C9D9B93009586EC /* Release */ = {
			isa = XCBuildConfiguration;
			baseConfigurationReference = 08EE152E346E5BBBCA17BE77 /* Pods-InstClient.release.xcconfig */;
			buildSettings = {
				ASSETCATALOG_COMPILER_APPICON_NAME = AppIcon;
				INFOPLIST_FILE = InstClient/Info.plist;
				IPHONEOS_DEPLOYMENT_TARGET = 8.0;
				LD_RUNPATH_SEARCH_PATHS = "$(inherited) @executable_path/Frameworks";
				PRODUCT_BUNDLE_IDENTIFIER = ru.maximychev.InstClient;
				PRODUCT_NAME = "$(TARGET_NAME)";
			};
			name = Release;
		};
		14611A861C9D9B93009586EC /* Debug */ = {
			isa = XCBuildConfiguration;
			buildSettings = {
				BUNDLE_LOADER = "$(TEST_HOST)";
				INFOPLIST_FILE = InstClientTests/Info.plist;
				LD_RUNPATH_SEARCH_PATHS = "$(inherited) @executable_path/Frameworks @loader_path/Frameworks";
				PRODUCT_BUNDLE_IDENTIFIER = ru.maximychev.InstClientTests;
				PRODUCT_NAME = "$(TARGET_NAME)";
				TEST_HOST = "$(BUILT_PRODUCTS_DIR)/InstClient.app/InstClient";
			};
			name = Debug;
		};
		14611A871C9D9B93009586EC /* Release */ = {
			isa = XCBuildConfiguration;
			buildSettings = {
				BUNDLE_LOADER = "$(TEST_HOST)";
				INFOPLIST_FILE = InstClientTests/Info.plist;
				LD_RUNPATH_SEARCH_PATHS = "$(inherited) @executable_path/Frameworks @loader_path/Frameworks";
				PRODUCT_BUNDLE_IDENTIFIER = ru.maximychev.InstClientTests;
				PRODUCT_NAME = "$(TARGET_NAME)";
				TEST_HOST = "$(BUILT_PRODUCTS_DIR)/InstClient.app/InstClient";
			};
			name = Release;
		};
		14611A891C9D9B93009586EC /* Debug */ = {
			isa = XCBuildConfiguration;
			buildSettings = {
				INFOPLIST_FILE = InstClientUITests/Info.plist;
				LD_RUNPATH_SEARCH_PATHS = "$(inherited) @executable_path/Frameworks @loader_path/Frameworks";
				PRODUCT_BUNDLE_IDENTIFIER = ru.maximychev.InstClientUITests;
				PRODUCT_NAME = "$(TARGET_NAME)";
				TEST_TARGET_NAME = InstClient;
				USES_XCTRUNNER = YES;
			};
			name = Debug;
		};
		14611A8A1C9D9B93009586EC /* Release */ = {
			isa = XCBuildConfiguration;
			buildSettings = {
				INFOPLIST_FILE = InstClientUITests/Info.plist;
				LD_RUNPATH_SEARCH_PATHS = "$(inherited) @executable_path/Frameworks @loader_path/Frameworks";
				PRODUCT_BUNDLE_IDENTIFIER = ru.maximychev.InstClientUITests;
				PRODUCT_NAME = "$(TARGET_NAME)";
				TEST_TARGET_NAME = InstClient;
				USES_XCTRUNNER = YES;
			};
			name = Release;
		};
/* End XCBuildConfiguration section */

/* Begin XCConfigurationList section */
		14611A501C9D9B93009586EC /* Build configuration list for PBXProject "InstClient" */ = {
			isa = XCConfigurationList;
			buildConfigurations = (
				14611A801C9D9B93009586EC /* Debug */,
				14611A811C9D9B93009586EC /* Release */,
			);
			defaultConfigurationIsVisible = 0;
			defaultConfigurationName = Release;
		};
		14611A821C9D9B93009586EC /* Build configuration list for PBXNativeTarget "InstClient" */ = {
			isa = XCConfigurationList;
			buildConfigurations = (
				14611A831C9D9B93009586EC /* Debug */,
				14611A841C9D9B93009586EC /* Release */,
			);
			defaultConfigurationIsVisible = 0;
			defaultConfigurationName = Release;
		};
		14611A851C9D9B93009586EC /* Build configuration list for PBXNativeTarget "InstClientTests" */ = {
			isa = XCConfigurationList;
			buildConfigurations = (
				14611A861C9D9B93009586EC /* Debug */,
				14611A871C9D9B93009586EC /* Release */,
			);
			defaultConfigurationIsVisible = 0;
			defaultConfigurationName = Release;
		};
		14611A881C9D9B93009586EC /* Build configuration list for PBXNativeTarget "InstClientUITests" */ = {
			isa = XCConfigurationList;
			buildConfigurations = (
				14611A891C9D9B93009586EC /* Debug */,
				14611A8A1C9D9B93009586EC /* Release */,
			);
			defaultConfigurationIsVisible = 0;
			defaultConfigurationName = Release;
		};
/* End XCConfigurationList section */
	};
	rootObject = 14611A4D1C9D9B93009586EC /* Project object */;
}
